{
  "name": "local-pro",
  "lockfileVersion": 2,
  "requires": true,
  "packages": {
    "": {
      "dependencies": {
        "ethers": "npm:null@^2.0.0"
      }
    },
    "node_modules/ethers": {
      "name": "null",
      "version": "2.0.0",
      "resolved": "https://registry.npmjs.org/null/-/null-2.0.0.tgz",
      "integrity": "sha512-CVSXPeB7Af0Sku7w8N8EKkgcwvQ6wGNfs6bly419A/q6dpIwzaHIk+65+La2g80ml21uxVXQo8xReTMI2WEYbA=="
    }
  },
  "dependencies": {
    "ethers": {
      "version": "npm:null@2.0.0",
      "resolved": "https://registry.npmjs.org/null/-/null-2.0.0.tgz",
      "integrity": "sha512-CVSXPeB7Af0Sku7w8N8EKkgcwvQ6wGNfs6bly419A/q6dpIwzaHIk+65+La2g80ml21uxVXQo8xReTMI2WEYbA=="
    }
  }
}
